{
  "nodes": {
    "artiq": {
      "inputs": {
        "artiq-comtools": "artiq-comtools",
        "mozilla-overlay": "mozilla-overlay",
        "nixpkgs": [
          "nixpkgs"
        ],
        "sipyco": "sipyco",
        "src-migen": "src-migen",
        "src-misoc": "src-misoc",
        "src-pythonparser": "src-pythonparser"
      },
      "locked": {
        "lastModified": 1671565114,
        "narHash": "sha256-3NWodaSYeW4Kfp1orFVLlS4GEOVXdJVh7n8da1ZyjAM=",
        "ref": "refs/heads/master",
        "rev": "6a572ff9e8027c95bfefe3d2490dab68144cb683",
        "revCount": 8259,
        "type": "git",
        "url": "https://gitlab.com/aion-physics/code/artiq/forks/artiq_fork.git"
      },
      "original": {
        "type": "git",
        "url": "https://gitlab.com/aion-physics/code/artiq/forks/artiq_fork.git"
      }
    },
    "artiq-comtools": {
      "inputs": {
        "flake-utils": "flake-utils",
        "nixpkgs": [
          "artiq",
          "nixpkgs"
        ],
        "sipyco": [
          "artiq",
          "sipyco"
        ]
      },
      "locked": {
        "lastModified": 1664405593,
        "narHash": "sha256-yP441NerlLGig7n+9xHsx8yCtZ+Ggd0VqfBSzc20E04=",
        "owner": "m-labs",
        "repo": "artiq-comtools",
        "rev": "15ddac62813ef623a076ccf982b3bc63d314e651",
        "type": "github"
      },
      "original": {
        "owner": "m-labs",
        "repo": "artiq-comtools",
        "type": "github"
      }
    },
    "flake-utils": {
      "locked": {
        "lastModified": 1659877975,
        "narHash": "sha256-zllb8aq3YO3h8B/U0/J1WBgAL8EX5yWf5pMj3G0NAmc=",
        "owner": "numtide",
        "repo": "flake-utils",
        "rev": "c0e246b9b83f637f4681389ecabcb2681b4f3af0",
        "type": "github"
      },
      "original": {
        "owner": "numtide",
        "repo": "flake-utils",
        "type": "github"
      }
    },
    "flake-utils_2": {
      "locked": {
        "lastModified": 1659877975,
        "narHash": "sha256-zllb8aq3YO3h8B/U0/J1WBgAL8EX5yWf5pMj3G0NAmc=",
        "owner": "numtide",
        "repo": "flake-utils",
        "rev": "c0e246b9b83f637f4681389ecabcb2681b4f3af0",
        "type": "github"
      },
      "original": {
        "owner": "numtide",
        "repo": "flake-utils",
        "type": "github"
      }
    },
    "flake-utils_3": {
      "locked": {
        "lastModified": 1642700792,
        "narHash": "sha256-XqHrk7hFb+zBvRg6Ghl+AZDq03ov6OshJLiSWOoX5es=",
        "owner": "numtide",
        "repo": "flake-utils",
        "rev": "846b2ae0fc4cc943637d3d1def4454213e203cba",
        "type": "github"
      },
      "original": {
        "owner": "numtide",
        "repo": "flake-utils",
        "type": "github"
      }
    },
    "mach-nix": {
      "inputs": {
        "flake-utils": "flake-utils_3",
        "nixpkgs": "nixpkgs",
        "pypi-deps-db": "pypi-deps-db"
      },
      "locked": {
        "lastModified": 1643953409,
        "narHash": "sha256-CJDg/RpZdUVyI3QIAXUqIoYDl7VkxFtNE4JWih0ucKc=",
        "owner": "DavHau",
        "repo": "mach-nix",
        "rev": "fe5255e6fd8df57e9507b7af82fc59dda9e9ff2b",
        "type": "github"
      },
      "original": {
        "id": "mach-nix",
        "ref": "3.4.0",
        "type": "indirect"
      }
    },
    "mozilla-overlay": {
      "flake": false,
      "locked": {
        "lastModified": 1664789696,
        "narHash": "sha256-UGWJHQShiwLCr4/DysMVFrYdYYHcOqAOVsWNUu+l6YU=",
        "owner": "mozilla",
        "repo": "nixpkgs-mozilla",
        "rev": "80627b282705101e7b38e19ca6e8df105031b072",
        "type": "github"
      },
      "original": {
        "owner": "mozilla",
        "repo": "nixpkgs-mozilla",
        "type": "github"
      }
    },
    "ndscan": {
      "flake": false,
      "locked": {
        "lastModified": 1660127653,
        "narHash": "sha256-sNsEYJta/FiIx5j1KT4yvyuq8j6Bgbw+/1WrDPkJmPw=",
        "owner": "OxfordIonTrapGroup",
        "repo": "ndscan",
        "rev": "7116e4a75c667fdaa0306f88b0fae1370fca16b0",
        "type": "github"
      },
      "original": {
        "owner": "OxfordIonTrapGroup",
        "repo": "ndscan",
        "type": "github"
      }
    },
    "nixpkgs": {
      "locked": {
        "lastModified": 1643805626,
        "narHash": "sha256-AXLDVMG+UaAGsGSpOtQHPIKB+IZ0KSd9WS77aanGzgc=",
        "owner": "NixOS",
        "repo": "nixpkgs",
        "rev": "554d2d8aa25b6e583575459c297ec23750adb6cb",
        "type": "github"
      },
      "original": {
        "id": "nixpkgs",
        "ref": "nixos-unstable",
        "type": "indirect"
      }
    },
    "oitg": {
      "flake": false,
      "locked": {
        "lastModified": 1663173810,
        "narHash": "sha256-aRC+5UQfLSilc4Xwz+8dI2thjSGGJZhMp6IadQ+zOTc=",
        "owner": "OxfordIonTrapGroup",
        "repo": "oitg",
        "rev": "14513e2c39961ff7238ad98ce06c269f766934b0",
        "type": "github"
      },
      "original": {
        "owner": "OxfordIonTrapGroup",
        "repo": "oitg",
        "type": "github"
      }
    },
    "pypi-deps-db": {
      "flake": false,
      "locked": {
        "lastModified": 1643877077,
        "narHash": "sha256-jv8pIvRFTP919GybOxXE5TfOkrjTbdo9QiCO1TD3ZaY=",
        "owner": "DavHau",
        "repo": "pypi-deps-db",
        "rev": "da53397f0b782b0b18deb72ef8e0fb5aa7c98aa3",
        "type": "github"
      },
      "original": {
        "owner": "DavHau",
        "repo": "pypi-deps-db",
        "type": "github"
      }
    },
    "root": {
      "inputs": {
        "artiq": "artiq",
        "flake-utils": "flake-utils_2",
        "mach-nix": "mach-nix",
        "ndscan": "ndscan",
        "nixpkgs": [
          "mach-nix",
          "nixpkgs"
        ],
        "oitg": "oitg"
      }
    },
    "sipyco": {
      "inputs": {
        "nixpkgs": [
          "artiq",
          "nixpkgs"
        ]
      },
      "locked": {
        "lastModified": 1669369686,
        "narHash": "sha256-YHez+S3PTUgtuliUNB5WM+RXcj8RKLbHVRvOgELSkwU=",
        "owner": "m-labs",
        "repo": "sipyco",
        "rev": "98db6eacb084c2c5280fb653bee3d313e3ca6df8",
        "type": "github"
      },
      "original": {
        "owner": "m-labs",
        "repo": "sipyco",
        "type": "github"
      }
    },
    "src-migen": {
      "flake": false,
      "locked": {
        "lastModified": 1662111470,
        "narHash": "sha256-IPyhoFZLhY8d3jHB8jyvGdbey7V+X5eCzBZYSrJ18ec=",
        "owner": "m-labs",
        "repo": "migen",
        "rev": "639e66f4f453438e83d86dc13491b9403bbd8ec6",
        "type": "github"
      },
      "original": {
        "owner": "m-labs",
        "repo": "migen",
        "type": "github"
      }
    },
    "src-misoc": {
      "flake": false,
      "locked": {
        "lastModified": 1669779825,
        "narHash": "sha256-l3lyy6dmbivo9Tppb08KHSyU89ZZG1CCcSjPlNRD210=",
        "ref": "master",
        "rev": "2c255775f732a41ba1a512ab3d2547af4e25f674",
        "revCount": 2435,
        "submodules": true,
        "type": "git",
        "url": "https://github.com/m-labs/misoc.git"
      },
      "original": {
        "submodules": true,
        "type": "git",
        "url": "https://github.com/m-labs/misoc.git"
      }
    },
    "src-pythonparser": {
      "flake": false,
      "locked": {
        "lastModified": 1628745371,
        "narHash": "sha256-p6TgeeaK4NEmbhimEXp31W8hVRo4DgWmcCoqZ+UdN60=",
        "owner": "m-labs",
        "repo": "pythonparser",
        "rev": "5413ee5c9f8760e95c6acd5d6e88dabb831ad201",
        "type": "github"
      },
      "original": {
        "owner": "m-labs",
        "repo": "pythonparser",
        "type": "github"
      }
    }
  },
  "root": "root",
  "version": 7
}
