{
  "nodes": {
    "artiq": {
      "inputs": {
        "artiq-comtools": "artiq-comtools",
        "mozilla-overlay": "mozilla-overlay",
        "nixpkgs": [
          "nixpkgs"
        ],
        "sipyco": "sipyco",
        "src-migen": "src-migen",
        "src-misoc": "src-misoc",
        "src-pythonparser": "src-pythonparser"
      },
      "locked": {
        "lastModified": 1686864363,
        "narHash": "sha256-0Im6Ib0TH0Lvgc2AJJKU7nYBayR4e9iBq/6SuckPlJw=",
        "ref": "refs/heads/master",
        "rev": "2283387f51c9303da1303f4955b4373a21a6b5c5",
        "revCount": 8411,
        "type": "git",
        "url": "https://gitlab.com/aion-physics/code/artiq/forks/artiq_fork.git"
      },
      "original": {
        "type": "git",
        "url": "https://gitlab.com/aion-physics/code/artiq/forks/artiq_fork.git"
      }
    },
    "artiq-comtools": {
      "inputs": {
        "flake-utils": "flake-utils",
        "nixpkgs": [
          "artiq",
          "nixpkgs"
        ],
        "sipyco": [
          "artiq",
          "sipyco"
        ]
      },
      "locked": {
        "lastModified": 1664405593,
        "narHash": "sha256-yP441NerlLGig7n+9xHsx8yCtZ+Ggd0VqfBSzc20E04=",
        "owner": "m-labs",
        "repo": "artiq-comtools",
        "rev": "15ddac62813ef623a076ccf982b3bc63d314e651",
        "type": "github"
      },
      "original": {
        "owner": "m-labs",
        "repo": "artiq-comtools",
        "type": "github"
      }
    },
    "flake-utils": {
      "locked": {
        "lastModified": 1659877975,
        "narHash": "sha256-zllb8aq3YO3h8B/U0/J1WBgAL8EX5yWf5pMj3G0NAmc=",
        "owner": "numtide",
        "repo": "flake-utils",
        "rev": "c0e246b9b83f637f4681389ecabcb2681b4f3af0",
        "type": "github"
      },
      "original": {
        "owner": "numtide",
        "repo": "flake-utils",
        "type": "github"
      }
    },
    "flake-utils_2": {
      "locked": {
        "lastModified": 1659877975,
        "narHash": "sha256-zllb8aq3YO3h8B/U0/J1WBgAL8EX5yWf5pMj3G0NAmc=",
        "owner": "numtide",
        "repo": "flake-utils",
        "rev": "c0e246b9b83f637f4681389ecabcb2681b4f3af0",
        "type": "github"
      },
      "original": {
        "owner": "numtide",
        "repo": "flake-utils",
        "type": "github"
      }
    },
    "flake-utils_3": {
      "locked": {
        "lastModified": 1642700792,
        "narHash": "sha256-XqHrk7hFb+zBvRg6Ghl+AZDq03ov6OshJLiSWOoX5es=",
        "owner": "numtide",
        "repo": "flake-utils",
        "rev": "846b2ae0fc4cc943637d3d1def4454213e203cba",
        "type": "github"
      },
      "original": {
        "owner": "numtide",
        "repo": "flake-utils",
        "type": "github"
      }
    },
    "mach-nix": {
      "inputs": {
        "flake-utils": "flake-utils_3",
        "nixpkgs": "nixpkgs",
        "pypi-deps-db": "pypi-deps-db"
      },
      "locked": {
        "lastModified": 1643953409,
        "narHash": "sha256-CJDg/RpZdUVyI3QIAXUqIoYDl7VkxFtNE4JWih0ucKc=",
        "owner": "DavHau",
        "repo": "mach-nix",
        "rev": "fe5255e6fd8df57e9507b7af82fc59dda9e9ff2b",
        "type": "github"
      },
      "original": {
        "id": "mach-nix",
        "ref": "3.4.0",
        "type": "indirect"
      }
    },
    "mozilla-overlay": {
      "flake": false,
      "locked": {
        "lastModified": 1684487559,
        "narHash": "sha256-SZcJEM+NnLr8ctzeQf1BGAqBHzJ3jn+tdSeO7lszIJc=",
        "owner": "mozilla",
        "repo": "nixpkgs-mozilla",
        "rev": "e6ca26fe8b9df914d4567604e426fbc185d9ef3e",
        "type": "github"
      },
      "original": {
        "owner": "mozilla",
        "repo": "nixpkgs-mozilla",
        "type": "github"
      }
    },
    "ndscan": {
      "flake": false,
      "locked": {
        "lastModified": 1660127653,
        "narHash": "sha256-sNsEYJta/FiIx5j1KT4yvyuq8j6Bgbw+/1WrDPkJmPw=",
        "owner": "OxfordIonTrapGroup",
        "repo": "ndscan",
        "rev": "7116e4a75c667fdaa0306f88b0fae1370fca16b0",
        "type": "github"
      },
      "original": {
        "owner": "OxfordIonTrapGroup",
        "repo": "ndscan",
        "type": "github"
      }
    },
    "nixpkgs": {
      "locked": {
        "lastModified": 1643805626,
        "narHash": "sha256-AXLDVMG+UaAGsGSpOtQHPIKB+IZ0KSd9WS77aanGzgc=",
        "owner": "NixOS",
        "repo": "nixpkgs",
        "rev": "554d2d8aa25b6e583575459c297ec23750adb6cb",
        "type": "github"
      },
      "original": {
        "id": "nixpkgs",
        "ref": "nixos-unstable",
        "type": "indirect"
      }
    },
    "oitg": {
      "flake": false,
      "locked": {
        "lastModified": 1663173810,
        "narHash": "sha256-aRC+5UQfLSilc4Xwz+8dI2thjSGGJZhMp6IadQ+zOTc=",
        "owner": "OxfordIonTrapGroup",
        "repo": "oitg",
        "rev": "14513e2c39961ff7238ad98ce06c269f766934b0",
        "type": "github"
      },
      "original": {
        "owner": "OxfordIonTrapGroup",
        "repo": "oitg",
        "type": "github"
      }
    },
    "pypi-deps-db": {
      "flake": false,
      "locked": {
        "lastModified": 1643877077,
        "narHash": "sha256-jv8pIvRFTP919GybOxXE5TfOkrjTbdo9QiCO1TD3ZaY=",
        "owner": "DavHau",
        "repo": "pypi-deps-db",
        "rev": "da53397f0b782b0b18deb72ef8e0fb5aa7c98aa3",
        "type": "github"
      },
      "original": {
        "owner": "DavHau",
        "repo": "pypi-deps-db",
        "type": "github"
      }
    },
    "root": {
      "inputs": {
        "artiq": "artiq",
        "flake-utils": "flake-utils_2",
        "mach-nix": "mach-nix",
        "ndscan": "ndscan",
        "nixpkgs": [
          "mach-nix",
          "nixpkgs"
        ],
        "oitg": "oitg"
      }
    },
    "sipyco": {
      "inputs": {
        "nixpkgs": [
          "artiq",
          "nixpkgs"
        ]
      },
      "locked": {
        "lastModified": 1685094262,
        "narHash": "sha256-7DvbdTUYP7PbhZClT/tob66iMV95v7124RynMpPc5VA=",
        "owner": "m-labs",
        "repo": "sipyco",
        "rev": "f1f0fc1d3071c5a6ba6dd613b54bb4176ad1e8dc",
        "type": "github"
      },
      "original": {
        "owner": "m-labs",
        "repo": "sipyco",
        "type": "github"
      }
    },
    "src-migen": {
      "flake": false,
      "locked": {
        "lastModified": 1674045327,
        "narHash": "sha256-oYdeY0MbTReKbAwmSznnqw0wNawdInJoFJVWW3tesFA=",
        "owner": "m-labs",
        "repo": "migen",
        "rev": "ccaee68e14d3636e1d8fb2e0864dd89b1b1f7384",
        "type": "github"
      },
      "original": {
        "owner": "m-labs",
        "repo": "migen",
        "type": "github"
      }
    },
    "src-misoc": {
      "flake": false,
      "locked": {
        "lastModified": 1685415268,
        "narHash": "sha256-g4+yeSV+HtWjcllM5wk4vNBUVCXtDOzUSKhxXPT7Fyc=",
        "ref": "refs/heads/master",
        "rev": "6d48ce77b6746d3226a682790fbc95b90340986e",
        "revCount": 2440,
        "submodules": true,
        "type": "git",
        "url": "https://github.com/m-labs/misoc.git"
      },
      "original": {
        "submodules": true,
        "type": "git",
        "url": "https://github.com/m-labs/misoc.git"
      }
    },
    "src-pythonparser": {
      "flake": false,
      "locked": {
        "lastModified": 1628745371,
        "narHash": "sha256-p6TgeeaK4NEmbhimEXp31W8hVRo4DgWmcCoqZ+UdN60=",
        "owner": "m-labs",
        "repo": "pythonparser",
        "rev": "5413ee5c9f8760e95c6acd5d6e88dabb831ad201",
        "type": "github"
      },
      "original": {
        "owner": "m-labs",
        "repo": "pythonparser",
        "type": "github"
      }
    }
  },
  "root": "root",
  "version": 7
}
